Microsoft Visual Studio Solution File, Format Version 12.00
# Visual Studio Version 17
VisualStudioVersion = 17.0.31903.59
MinimumVisualStudioVersion = 10.0.40219.1
Project("{FAE04EC0-301F-11D3-BF4B-00C04F79EFBC}") = "ScriptManagerModern", "ScriptManagerModern.csproj", "{DE36125A-A514-49B9-9143-7FBD4B352DFE}"
EndProject
Global
	GlobalSection(SolutionConfigurationPlatforms) = preSolution
		Debug|Any CPU = Debug|Any CPU
		Release|Any CPU = Release|Any CPU
	EndGlobalSection
	GlobalSection(ProjectConfigurationPlatforms) = postSolution
		{DE36125A-A514-49B9-9143-7FBD4B352DFE}.Debug|Any CPU.ActiveCfg = Debug|Any CPU
		{DE36125A-A514-49B9-9143-7FBD4B352DFE}.Debug|Any CPU.Build.0 = Debug|Any CPU
		{DE36125A-A514-49B9-9143-7FBD4B352DFE}.Release|Any CPU.ActiveCfg = Release|Any CPU
		{DE36125A-A514-49B9-9143-7FBD4B352DFE}.Release|Any CPU.Build.0 = Release|Any CPU
	EndGlobalSection
EndGlobal
